// !$*UTF8*$!
{
	archiveVersion = 1;
	classes = {
	};
	objectVersion = 50;
	objects = {

/* Begin PBXBuildFile section */
		F294D70A263C79C700A0ACDC /* OnboardingView.swift in Sources */ = {isa = PBXBuildFile; fileRef = F294D709263C79C700A0ACDC /* OnboardingView.swift */; };
		F294D70E263C836800A0ACDC /* FruitModel.swift in Sources */ = {isa = PBXBuildFile; fileRef = F294D70D263C836800A0ACDC /* FruitModel.swift */; };
		F294D712263C846C00A0ACDC /* FruitData.swift in Sources */ = {isa = PBXBuildFile; fileRef = F294D711263C846C00A0ACDC /* FruitData.swift */; };
		F294D71B263C91B100A0ACDC /* FruitRowView.swift in Sources */ = {isa = PBXBuildFile; fileRef = F294D71A263C91B100A0ACDC /* FruitRowView.swift */; };
		F294D71E263CBE8400A0ACDC /* FruitDetailView.swift in Sources */ = {isa = PBXBuildFile; fileRef = F294D71D263CBE8400A0ACDC /* FruitDetailView.swift */; };
		F294D721263CD0E300A0ACDC /* FruitHeaderView.swift in Sources */ = {isa = PBXBuildFile; fileRef = F294D720263CD0E300A0ACDC /* FruitHeaderView.swift */; };
		F294D724263CD36E00A0ACDC /* SourceLinkView.swift in Sources */ = {isa = PBXBuildFile; fileRef = F294D723263CD36E00A0ACDC /* SourceLinkView.swift */; };
		F294D727263CDA6600A0ACDC /* FruitNutrientsView.swift in Sources */ = {isa = PBXBuildFile; fileRef = F294D726263CDA6600A0ACDC /* FruitNutrientsView.swift */; };
		F294D72A263CDF2800A0ACDC /* SettingsView.swift in Sources */ = {isa = PBXBuildFile; fileRef = F294D729263CDF2800A0ACDC /* SettingsView.swift */; };
		F294D72D263CE72200A0ACDC /* SettingsLabelView.swift in Sources */ = {isa = PBXBuildFile; fileRef = F294D72C263CE72200A0ACDC /* SettingsLabelView.swift */; };
		F294D730263F764C00A0ACDC /* SettingsRowView.swift in Sources */ = {isa = PBXBuildFile; fileRef = F294D72F263F764C00A0ACDC /* SettingsRowView.swift */; };
		F2979F9F263BA3410098A9B4 /* FructusApp.swift in Sources */ = {isa = PBXBuildFile; fileRef = F2979F9E263BA3410098A9B4 /* FructusApp.swift */; };
		F2979FA1263BA3410098A9B4 /* ContentView.swift in Sources */ = {isa = PBXBuildFile; fileRef = F2979FA0263BA3410098A9B4 /* ContentView.swift */; };
		F2979FA3263BA3420098A9B4 /* Assets.xcassets in Resources */ = {isa = PBXBuildFile; fileRef = F2979FA2263BA3420098A9B4 /* Assets.xcassets */; };
		F2979FA6263BA3420098A9B4 /* Preview Assets.xcassets in Resources */ = {isa = PBXBuildFile; fileRef = F2979FA5263BA3420098A9B4 /* Preview Assets.xcassets */; };
		F2979FB3263BA8490098A9B4 /* FruitCardView.swift in Sources */ = {isa = PBXBuildFile; fileRef = F2979FB2263BA8490098A9B4 /* FruitCardView.swift */; };
		F2979FB7263BAE310098A9B4 /* StartButtonView.swift in Sources */ = {isa = PBXBuildFile; fileRef = F2979FB6263BAE310098A9B4 /* StartButtonView.swift */; };
/* End PBXBuildFile section */

/* Begin PBXFileReference section */
		F294D709263C79C700A0ACDC /* OnboardingView.swift */ = {isa = PBXFileReference; lastKnownFileType = sourcecode.swift; path = OnboardingView.swift; sourceTree = "<group>"; };
		F294D70D263C836800A0ACDC /* FruitModel.swift */ = {isa = PBXFileReference; lastKnownFileType = sourcecode.swift; path = FruitModel.swift; sourceTree = "<group>"; };
		F294D711263C846C00A0ACDC /* FruitData.swift */ = {isa = PBXFileReference; lastKnownFileType = sourcecode.swift; path = FruitData.swift; sourceTree = "<group>"; };
		F294D71A263C91B100A0ACDC /* FruitRowView.swift */ = {isa = PBXFileReference; lastKnownFileType = sourcecode.swift; path = FruitRowView.swift; sourceTree = "<group>"; };
		F294D71D263CBE8400A0ACDC /* FruitDetailView.swift */ = {isa = PBXFileReference; lastKnownFileType = sourcecode.swift; path = FruitDetailView.swift; sourceTree = "<group>"; };
		F294D720263CD0E300A0ACDC /* FruitHeaderView.swift */ = {isa = PBXFileReference; lastKnownFileType = sourcecode.swift; path = FruitHeaderView.swift; sourceTree = "<group>"; };
		F294D723263CD36E00A0ACDC /* SourceLinkView.swift */ = {isa = PBXFileReference; lastKnownFileType = sourcecode.swift; path = SourceLinkView.swift; sourceTree = "<group>"; };
		F294D726263CDA6600A0ACDC /* FruitNutrientsView.swift */ = {isa = PBXFileReference; lastKnownFileType = sourcecode.swift; path = FruitNutrientsView.swift; sourceTree = "<group>"; };
		F294D729263CDF2800A0ACDC /* SettingsView.swift */ = {isa = PBXFileReference; lastKnownFileType = sourcecode.swift; path = SettingsView.swift; sourceTree = "<group>"; };
		F294D72C263CE72200A0ACDC /* SettingsLabelView.swift */ = {isa = PBXFileReference; lastKnownFileType = sourcecode.swift; path = SettingsLabelView.swift; sourceTree = "<group>"; };
		F294D72F263F764C00A0ACDC /* SettingsRowView.swift */ = {isa = PBXFileReference; lastKnownFileType = sourcecode.swift; path = SettingsRowView.swift; sourceTree = "<group>"; };
		F2979F9B263BA3410098A9B4 /* Fructus.app */ = {isa = PBXFileReference; explicitFileType = wrapper.application; includeInIndex = 0; path = Fructus.app; sourceTree = BUILT_PRODUCTS_DIR; };
		F2979F9E263BA3410098A9B4 /* FructusApp.swift */ = {isa = PBXFileReference; lastKnownFileType = sourcecode.swift; path = FructusApp.swift; sourceTree = "<group>"; };
		F2979FA0263BA3410098A9B4 /* ContentView.swift */ = {isa = PBXFileReference; lastKnownFileType = sourcecode.swift; path = ContentView.swift; sourceTree = "<group>"; };
		F2979FA2263BA3420098A9B4 /* Assets.xcassets */ = {isa = PBXFileReference; lastKnownFileType = folder.assetcatalog; path = Assets.xcassets; sourceTree = "<group>"; };
		F2979FA5263BA3420098A9B4 /* Preview Assets.xcassets */ = {isa = PBXFileReference; lastKnownFileType = folder.assetcatalog; path = "Preview Assets.xcassets"; sourceTree = "<group>"; };
		F2979FA7263BA3420098A9B4 /* Info.plist */ = {isa = PBXFileReference; lastKnownFileType = text.plist.xml; path = Info.plist; sourceTree = "<group>"; };
		F2979FB2263BA8490098A9B4 /* FruitCardView.swift */ = {isa = PBXFileReference; lastKnownFileType = sourcecode.swift; path = FruitCardView.swift; sourceTree = "<group>"; };
		F2979FB6263BAE310098A9B4 /* StartButtonView.swift */ = {isa = PBXFileReference; lastKnownFileType = sourcecode.swift; path = StartButtonView.swift; sourceTree = "<group>"; };
/* End PBXFileReference section */

/* Begin PBXFrameworksBuildPhase section */
		F2979F98263BA3410098A9B4 /* Frameworks */ = {
			isa = PBXFrameworksBuildPhase;
			buildActionMask = 2147483647;
			files = (
			);
			runOnlyForDeploymentPostprocessing = 0;
		};
/* End PBXFrameworksBuildPhase section */

/* Begin PBXGroup section */
		F294D70C263C834D00A0ACDC /* Model */ = {
			isa = PBXGroup;
			children = (
				F294D70D263C836800A0ACDC /* FruitModel.swift */,
			);
			path = Model;
			sourceTree = "<group>";
		};
		F294D710263C845800A0ACDC /* Data */ = {
			isa = PBXGroup;
			children = (
				F294D711263C846C00A0ACDC /* FruitData.swift */,
			);
			path = Data;
			sourceTree = "<group>";
		};
		F2979F92263BA3410098A9B4 = {
			isa = PBXGroup;
			children = (
				F2979F9D263BA3410098A9B4 /* Fructus */,
				F2979F9C263BA3410098A9B4 /* Products */,
			);
			sourceTree = "<group>";
		};
		F2979F9C263BA3410098A9B4 /* Products */ = {
			isa = PBXGroup;
			children = (
				F2979F9B263BA3410098A9B4 /* Fructus.app */,
			);
			name = Products;
			sourceTree = "<group>";
		};
		F2979F9D263BA3410098A9B4 /* Fructus */ = {
			isa = PBXGroup;
			children = (
				F2979FAF263BA7CD0098A9B4 /* App */,
				F2979FB1263BA80E0098A9B4 /* View */,
				F294D710263C845800A0ACDC /* Data */,
				F294D70C263C834D00A0ACDC /* Model */,
				F2979FA2263BA3420098A9B4 /* Assets.xcassets */,
				F2979FA7263BA3420098A9B4 /* Info.plist */,
				F2979FA4263BA3420098A9B4 /* Preview Content */,
			);
			path = Fructus;
			sourceTree = "<group>";
		};
		F2979FA4263BA3420098A9B4 /* Preview Content */ = {
			isa = PBXGroup;
			children = (
				F2979FA5263BA3420098A9B4 /* Preview Assets.xcassets */,
			);
			path = "Preview Content";
			sourceTree = "<group>";
		};
		F2979FAF263BA7CD0098A9B4 /* App */ = {
			isa = PBXGroup;
			children = (
				F2979F9E263BA3410098A9B4 /* FructusApp.swift */,
				F2979FA0263BA3410098A9B4 /* ContentView.swift */,
				F294D709263C79C700A0ACDC /* OnboardingView.swift */,
				F294D71D263CBE8400A0ACDC /* FruitDetailView.swift */,
				F294D729263CDF2800A0ACDC /* SettingsView.swift */,
			);
			path = App;
			sourceTree = "<group>";
		};
		F2979FB1263BA80E0098A9B4 /* View */ = {
			isa = PBXGroup;
			children = (
				F2979FB2263BA8490098A9B4 /* FruitCardView.swift */,
				F2979FB6263BAE310098A9B4 /* StartButtonView.swift */,
				F294D71A263C91B100A0ACDC /* FruitRowView.swift */,
				F294D720263CD0E300A0ACDC /* FruitHeaderView.swift */,
				F294D723263CD36E00A0ACDC /* SourceLinkView.swift */,
				F294D726263CDA6600A0ACDC /* FruitNutrientsView.swift */,
				F294D72C263CE72200A0ACDC /* SettingsLabelView.swift */,
				F294D72F263F764C00A0ACDC /* SettingsRowView.swift */,
			);
			path = View;
			sourceTree = "<group>";
		};
/* End PBXGroup section */

/* Begin PBXNativeTarget section */
		F2979F9A263BA3410098A9B4 /* Fructus */ = {
			isa = PBXNativeTarget;
			buildConfigurationList = F2979FAA263BA3420098A9B4 /* Build configuration list for PBXNativeTarget "Fructus" */;
			buildPhases = (
				F2979F97263BA3410098A9B4 /* Sources */,
				F2979F98263BA3410098A9B4 /* Frameworks */,
				F2979F99263BA3410098A9B4 /* Resources */,
			);
			buildRules = (
			);
			dependencies = (
			);
			name = Fructus;
			productName = Fructus;
			productReference = F2979F9B263BA3410098A9B4 /* Fructus.app */;
			productType = "com.apple.product-type.application";
		};
/* End PBXNativeTarget section */

/* Begin PBXProject section */
		F2979F93263BA3410098A9B4 /* Project object */ = {
			isa = PBXProject;
			attributes = {
				LastSwiftUpdateCheck = 1240;
				LastUpgradeCheck = 1240;
				TargetAttributes = {
					F2979F9A263BA3410098A9B4 = {
						CreatedOnToolsVersion = 12.4;
					};
				};
			};
			buildConfigurationList = F2979F96263BA3410098A9B4 /* Build configuration list for PBXProject "Fructus" */;
			compatibilityVersion = "Xcode 9.3";
			developmentRegion = en;
			hasScannedForEncodings = 0;
			knownRegions = (
				en,
				Base,
			);
			mainGroup = F2979F92263BA3410098A9B4;
			productRefGroup = F2979F9C263BA3410098A9B4 /* Products */;
			projectDirPath = "";
			projectRoot = "";
			targets = (
				F2979F9A263BA3410098A9B4 /* Fructus */,
			);
		};
/* End PBXProject section */

/* Begin PBXResourcesBuildPhase section */
		F2979F99263BA3410098A9B4 /* Resources */ = {
			isa = PBXResourcesBuildPhase;
			buildActionMask = 2147483647;
			files = (
				F2979FA6263BA3420098A9B4 /* Preview Assets.xcassets in Resources */,
				F2979FA3263BA3420098A9B4 /* Assets.xcassets in Resources */,
			);
			runOnlyForDeploymentPostprocessing = 0;
		};
/* End PBXResourcesBuildPhase section */

/* Begin PBXSourcesBuildPhase section */
		F2979F97263BA3410098A9B4 /* Sources */ = {
			isa = PBXSourcesBuildPhase;
			buildActionMask = 2147483647;
			files = (
				F2979FB3263BA8490098A9B4 /* FruitCardView.swift in Sources */,
				F294D724263CD36E00A0ACDC /* SourceLinkView.swift in Sources */,
				F294D730263F764C00A0ACDC /* SettingsRowView.swift in Sources */,
				F2979FB7263BAE310098A9B4 /* StartButtonView.swift in Sources */,
				F294D71B263C91B100A0ACDC /* FruitRowView.swift in Sources */,
				F294D727263CDA6600A0ACDC /* FruitNutrientsView.swift in Sources */,
				F2979FA1263BA3410098A9B4 /* ContentView.swift in Sources */,
				F294D71E263CBE8400A0ACDC /* FruitDetailView.swift in Sources */,
				F294D70A263C79C700A0ACDC /* OnboardingView.swift in Sources */,
				F294D721263CD0E300A0ACDC /* FruitHeaderView.swift in Sources */,
				F294D712263C846C00A0ACDC /* FruitData.swift in Sources */,
				F294D72D263CE72200A0ACDC /* SettingsLabelView.swift in Sources */,
				F294D70E263C836800A0ACDC /* FruitModel.swift in Sources */,
				F2979F9F263BA3410098A9B4 /* FructusApp.swift in Sources */,
				F294D72A263CDF2800A0ACDC /* SettingsView.swift in Sources */,
			);
			runOnlyForDeploymentPostprocessing = 0;
		};
/* End PBXSourcesBuildPhase section */

/* Begin XCBuildConfiguration section */
		F2979FA8263BA3420098A9B4 /* Debug */ = {
			isa = XCBuildConfiguration;
			buildSettings = {
				ALWAYS_SEARCH_USER_PATHS = NO;
				CLANG_ANALYZER_NONNULL = YES;
				CLANG_ANALYZER_NUMBER_OBJECT_CONVERSION = YES_AGGRESSIVE;
				CLANG_CXX_LANGUAGE_STANDARD = "gnu++14";
				CLANG_CXX_LIBRARY = "libc++";
				CLANG_ENABLE_MODULES = YES;
				CLANG_ENABLE_OBJC_ARC = YES;
				CLANG_ENABLE_OBJC_WEAK = YES;
				CLANG_WARN_BLOCK_CAPTURE_AUTORELEASING = YES;
				CLANG_WARN_BOOL_CONVERSION = YES;
				CLANG_WARN_COMMA = YES;
				CLANG_WARN_CONSTANT_CONVERSION = YES;
				CLANG_WARN_DEPRECATED_OBJC_IMPLEMENTATIONS = YES;
				CLANG_WARN_DIRECT_OBJC_ISA_USAGE = YES_ERROR;
				CLANG_WARN_DOCUMENTATION_COMMENTS = YES;
				CLANG_WARN_EMPTY_BODY = YES;
				CLANG_WARN_ENUM_CONVERSION = YES;
				CLANG_WARN_INFINITE_RECURSION = YES;
				CLANG_WARN_INT_CONVERSION = YES;
				CLANG_WARN_NON_LITERAL_NULL_CONVERSION = YES;
				CLANG_WARN_OBJC_IMPLICIT_RETAIN_SELF = YES;
				CLANG_WARN_OBJC_LITERAL_CONVERSION = YES;
				CLANG_WARN_OBJC_ROOT_CLASS = YES_ERROR;
				CLANG_WARN_QUOTED_INCLUDE_IN_FRAMEWORK_HEADER = YES;
				CLANG_WARN_RANGE_LOOP_ANALYSIS = YES;
				CLANG_WARN_STRICT_PROTOTYPES = YES;
				CLANG_WARN_SUSPICIOUS_MOVE = YES;
				CLANG_WARN_UNGUARDED_AVAILABILITY = YES_AGGRESSIVE;
				CLANG_WARN_UNREACHABLE_CODE = YES;
				CLANG_WARN__DUPLICATE_METHOD_MATCH = YES;
				COPY_PHASE_STRIP = NO;
				DEBUG_INFORMATION_FORMAT = dwarf;
				ENABLE_STRICT_OBJC_MSGSEND = YES;
				ENABLE_TESTABILITY = YES;
				GCC_C_LANGUAGE_STANDARD = gnu11;
				GCC_DYNAMIC_NO_PIC = NO;
				GCC_NO_COMMON_BLOCKS = YES;
				GCC_OPTIMIZATION_LEVEL = 0;
				GCC_PREPROCESSOR_DEFINITIONS = (
					"DEBUG=1",
					"$(inherited)",
				);
				GCC_WARN_64_TO_32_BIT_CONVERSION = YES;
				GCC_WARN_ABOUT_RETURN_TYPE = YES_ERROR;
				GCC_WARN_UNDECLARED_SELECTOR = YES;
				GCC_WARN_UNINITIALIZED_AUTOS = YES_AGGRESSIVE;
				GCC_WARN_UNUSED_FUNCTION = YES;
				GCC_WARN_UNUSED_VARIABLE = YES;
				IPHONEOS_DEPLOYMENT_TARGET = 14.4;
				MTL_ENABLE_DEBUG_INFO = INCLUDE_SOURCE;
				MTL_FAST_MATH = YES;
				ONLY_ACTIVE_ARCH = YES;
				SDKROOT = iphoneos;
				SWIFT_ACTIVE_COMPILATION_CONDITIONS = DEBUG;
				SWIFT_OPTIMIZATION_LEVEL = "-Onone";
			};
			name = Debug;
		};
		F2979FA9263BA3420098A9B4 /* Release */ = {
			isa = XCBuildConfiguration;
			buildSettings = {
				ALWAYS_SEARCH_USER_PATHS = NO;
				CLANG_ANALYZER_NONNULL = YES;
				CLANG_ANALYZER_NUMBER_OBJECT_CONVERSION = YES_AGGRESSIVE;
				CLANG_CXX_LANGUAGE_STANDARD = "gnu++14";
				CLANG_CXX_LIBRARY = "libc++";
				CLANG_ENABLE_MODULES = YES;
				CLANG_ENABLE_OBJC_ARC = YES;
				CLANG_ENABLE_OBJC_WEAK = YES;
				CLANG_WARN_BLOCK_CAPTURE_AUTORELEASING = YES;
				CLANG_WARN_BOOL_CONVERSION = YES;
				CLANG_WARN_COMMA = YES;
				CLANG_WARN_CONSTANT_CONVERSION = YES;
				CLANG_WARN_DEPRECATED_OBJC_IMPLEMENTATIONS = YES;
				CLANG_WARN_DIRECT_OBJC_ISA_USAGE = YES_ERROR;
				CLANG_WARN_DOCUMENTATION_COMMENTS = YES;
				CLANG_WARN_EMPTY_BODY = YES;
				CLANG_WARN_ENUM_CONVERSION = YES;
				CLANG_WARN_INFINITE_RECURSION = YES;
				CLANG_WARN_INT_CONVERSION = YES;
				CLANG_WARN_NON_LITERAL_NULL_CONVERSION = YES;
				CLANG_WARN_OBJC_IMPLICIT_RETAIN_SELF = YES;
				CLANG_WARN_OBJC_LITERAL_CONVERSION = YES;
				CLANG_WARN_OBJC_ROOT_CLASS = YES_ERROR;
				CLANG_WARN_QUOTED_INCLUDE_IN_FRAMEWORK_HEADER = YES;
				CLANG_WARN_RANGE_LOOP_ANALYSIS = YES;
				CLANG_WARN_STRICT_PROTOTYPES = YES;
				CLANG_WARN_SUSPICIOUS_MOVE = YES;
				CLANG_WARN_UNGUARDED_AVAILABILITY = YES_AGGRESSIVE;
				CLANG_WARN_UNREACHABLE_CODE = YES;
				CLANG_WARN__DUPLICATE_METHOD_MATCH = YES;
				COPY_PHASE_STRIP = NO;
				DEBUG_INFORMATION_FORMAT = "dwarf-with-dsym";
				ENABLE_NS_ASSERTIONS = NO;
				ENABLE_STRICT_OBJC_MSGSEND = YES;
				GCC_C_LANGUAGE_STANDARD = gnu11;
				GCC_NO_COMMON_BLOCKS = YES;
				GCC_WARN_64_TO_32_BIT_CONVERSION = YES;
				GCC_WARN_ABOUT_RETURN_TYPE = YES_ERROR;
				GCC_WARN_UNDECLARED_SELECTOR = YES;
				GCC_WARN_UNINITIALIZED_AUTOS = YES_AGGRESSIVE;
				GCC_WARN_UNUSED_FUNCTION = YES;
				GCC_WARN_UNUSED_VARIABLE = YES;
				IPHONEOS_DEPLOYMENT_TARGET = 14.4;
				MTL_ENABLE_DEBUG_INFO = NO;
				MTL_FAST_MATH = YES;
				SDKROOT = iphoneos;
				SWIFT_COMPILATION_MODE = wholemodule;
				SWIFT_OPTIMIZATION_LEVEL = "-O";
				VALIDATE_PRODUCT = YES;
			};
			name = Release;
		};
		F2979FAB263BA3420098A9B4 /* Debug */ = {
			isa = XCBuildConfiguration;
			buildSettings = {
				ASSETCATALOG_COMPILER_APPICON_NAME = AppIcon;
				ASSETCATALOG_COMPILER_GLOBAL_ACCENT_COLOR_NAME = AccentColor;
				CODE_SIGN_STYLE = Automatic;
				DEVELOPMENT_ASSET_PATHS = "\"Fructus/Preview Content\"";
				DEVELOPMENT_TEAM = 7XHFQ957JQ;
				ENABLE_PREVIEWS = YES;
				INFOPLIST_FILE = Fructus/Info.plist;
				IPHONEOS_DEPLOYMENT_TARGET = 14.0;
				LD_RUNPATH_SEARCH_PATHS = (
					"$(inherited)",
					"@executable_path/Frameworks",
				);
				PRODUCT_BUNDLE_IDENTIFIER = com.eriksalascode.Fructus;
				PRODUCT_NAME = "$(TARGET_NAME)";
				SWIFT_VERSION = 5.0;
				TARGETED_DEVICE_FAMILY = "1,2";
			};
			name = Debug;
		};
		F2979FAC263BA3420098A9B4 /* Release */ = {
			isa = XCBuildConfiguration;
			buildSettings = {
				ASSETCATALOG_COMPILER_APPICON_NAME = AppIcon;
				ASSETCATALOG_COMPILER_GLOBAL_ACCENT_COLOR_NAME = AccentColor;
				CODE_SIGN_STYLE = Automatic;
				DEVELOPMENT_ASSET_PATHS = "\"Fructus/Preview Content\"";
				DEVELOPMENT_TEAM = 7XHFQ957JQ;
				ENABLE_PREVIEWS = YES;
				INFOPLIST_FILE = Fructus/Info.plist;
				IPHONEOS_DEPLOYMENT_TARGET = 14.0;
				LD_RUNPATH_SEARCH_PATHS = (
					"$(inherited)",
					"@executable_path/Frameworks",
				);
				PRODUCT_BUNDLE_IDENTIFIER = com.eriksalascode.Fructus;
				PRODUCT_NAME = "$(TARGET_NAME)";
				SWIFT_VERSION = 5.0;
				TARGETED_DEVICE_FAMILY = "1,2";
			};
			name = Release;
		};
/* End XCBuildConfiguration section */

/* Begin XCConfigurationList section */
		F2979F96263BA3410098A9B4 /* Build configuration list for PBXProject "Fructus" */ = {
			isa = XCConfigurationList;
			buildConfigurations = (
				F2979FA8263BA3420098A9B4 /* Debug */,
				F2979FA9263BA3420098A9B4 /* Release */,
			);
			defaultConfigurationIsVisible = 0;
			defaultConfigurationName = Release;
		};
		F2979FAA263BA3420098A9B4 /* Build configuration list for PBXNativeTarget "Fructus" */ = {
			isa = XCConfigurationList;
			buildConfigurations = (
				F2979FAB263BA3420098A9B4 /* Debug */,
				F2979FAC263BA3420098A9B4 /* Release */,
			);
			defaultConfigurationIsVisible = 0;
			defaultConfigurationName = Release;
		};
/* End XCConfigurationList section */
	};
	rootObject = F2979F93263BA3410098A9B4 /* Project object */;
}
